{
  "name": "tra-components",
  "version": "1.0.0",
  "lockfileVersion": 3,
  "requires": true,
  "packages": {
    "": {
      "name": "tra-components",
      "version": "1.0.0",
      "license": "ISC",
      "dependencies": {
        "tra-global-styles": "github:elevatedthird/tra-global-styles#develop"
      }
    },
    "node_modules/tra-global-styles": {
      "version": "1.0.0",
      "resolved": "git+ssh://git@github.com/elevatedthird/tra-global-styles.git#376652e3328f9a5a2c6d579bf36e6aa5f4086e15",
      "license": "ISC"
    }
  }
}
